// !$*UTF8*$!
{
	archiveVersion = 1;
	classes = {
	};
	objectVersion = 46;
	objects = {

/* Begin PBXBuildFile section */
		7865930B1D2D086C000770DA /* TokenPoint.h in Headers */ = {isa = PBXBuildFile; fileRef = 7865930A1D2D086C000770DA /* TokenPoint.h */; settings = {ATTRIBUTES = (Public, ); }; };
		786593151D2D091A000770DA /* TokenPointImpl.m in Sources */ = {isa = PBXBuildFile; fileRef = 786593131D2D091A000770DA /* TokenPointImpl.m */; };
		786593481D2E5BAB000770DA /* TokenPointImpl.h in Headers */ = {isa = PBXBuildFile; fileRef = 786593471D2E5BAB000770DA /* TokenPointImpl.h */; };
		7865934A1D2E5F55000770DA /* TokenPoint.m in Sources */ = {isa = PBXBuildFile; fileRef = 786593491D2E5F55000770DA /* TokenPoint.m */; };
/* End PBXBuildFile section */

/* Begin PBXFileReference section */
		786593071D2D086C000770DA /* TokenPoint.framework */ = {isa = PBXFileReference; explicitFileType = wrapper.framework; includeInIndex = 0; path = TokenPoint.framework; sourceTree = BUILT_PRODUCTS_DIR; };
		7865930A1D2D086C000770DA /* TokenPoint.h */ = {isa = PBXFileReference; lastKnownFileType = sourcecode.c.h; path = TokenPoint.h; sourceTree = "<group>"; };
		7865930C1D2D086C000770DA /* Info.plist */ = {isa = PBXFileReference; lastKnownFileType = text.plist.xml; path = Info.plist; sourceTree = "<group>"; };
		786593131D2D091A000770DA /* TokenPointImpl.m */ = {isa = PBXFileReference; fileEncoding = 4; lastKnownFileType = sourcecode.c.objc; path = TokenPointImpl.m; sourceTree = "<group>"; };
		786593471D2E5BAB000770DA /* TokenPointImpl.h */ = {isa = PBXFileReference; fileEncoding = 4; lastKnownFileType = sourcecode.c.h; path = TokenPointImpl.h; sourceTree = "<group>"; };
		786593491D2E5F55000770DA /* TokenPoint.m */ = {isa = PBXFileReference; fileEncoding = 4; lastKnownFileType = sourcecode.c.objc; path = TokenPoint.m; sourceTree = "<group>"; };
/* End PBXFileReference section */

/* Begin PBXFrameworksBuildPhase section */
		786593031D2D086C000770DA /* Frameworks */ = {
			isa = PBXFrameworksBuildPhase;
			buildActionMask = 2147483647;
			files = (
			);
			runOnlyForDeploymentPostprocessing = 0;
		};
/* End PBXFrameworksBuildPhase section */

/* Begin PBXGroup section */
		786592FD1D2D086C000770DA = {
			isa = PBXGroup;
			children = (
				786593091D2D086C000770DA /* TokenPoint */,
				786593081D2D086C000770DA /* Products */,
			);
			sourceTree = "<group>";
		};
		786593081D2D086C000770DA /* Products */ = {
			isa = PBXGroup;
			children = (
				786593071D2D086C000770DA /* TokenPoint.framework */,
			);
			name = Products;
			sourceTree = "<group>";
		};
		786593091D2D086C000770DA /* TokenPoint */ = {
			isa = PBXGroup;
			children = (
				786593471D2E5BAB000770DA /* TokenPointImpl.h */,
				7865930A1D2D086C000770DA /* TokenPoint.h */,
				7865930C1D2D086C000770DA /* Info.plist */,
				786593131D2D091A000770DA /* TokenPointImpl.m */,
				786593491D2E5F55000770DA /* TokenPoint.m */,
			);
			path = TokenPoint;
			sourceTree = "<group>";
		};
/* End PBXGroup section */

/* Begin PBXHeadersBuildPhase section */
		786593041D2D086C000770DA /* Headers */ = {
			isa = PBXHeadersBuildPhase;
			buildActionMask = 2147483647;
			files = (
				7865930B1D2D086C000770DA /* TokenPoint.h in Headers */,
				786593481D2E5BAB000770DA /* TokenPointImpl.h in Headers */,
			);
			runOnlyForDeploymentPostprocessing = 0;
		};
/* End PBXHeadersBuildPhase section */

/* Begin PBXNativeTarget section */
		786593061D2D086C000770DA /* TokenPoint */ = {
			isa = PBXNativeTarget;
			buildConfigurationList = 7865930F1D2D086C000770DA /* Build configuration list for PBXNativeTarget "TokenPoint" */;
			buildPhases = (
				786593021D2D086C000770DA /* Sources */,
				786593031D2D086C000770DA /* Frameworks */,
				786593041D2D086C000770DA /* Headers */,
				786593051D2D086C000770DA /* Resources */,
			);
			buildRules = (
			);
			dependencies = (
			);
			name = TokenPoint;
			productName = TokenPoint;
			productReference = 786593071D2D086C000770DA /* TokenPoint.framework */;
			productType = "com.apple.product-type.framework";
		};
/* End PBXNativeTarget section */

/* Begin PBXProject section */
		786592FE1D2D086C000770DA /* Project object */ = {
			isa = PBXProject;
			attributes = {
				LastUpgradeCheck = 0730;
				ORGANIZATIONNAME = zulong;
				TargetAttributes = {
					786593061D2D086C000770DA = {
						CreatedOnToolsVersion = 7.3.1;
						DevelopmentTeam = EXHFBWBL96;
					};
				};
			};
			buildConfigurationList = 786593011D2D086C000770DA /* Build configuration list for PBXProject "TokenPoint" */;
			compatibilityVersion = "Xcode 3.2";
			developmentRegion = English;
			hasScannedForEncodings = 0;
			knownRegions = (
				en,
			);
			mainGroup = 786592FD1D2D086C000770DA;
			productRefGroup = 786593081D2D086C000770DA /* Products */;
			projectDirPath = "";
			projectRoot = "";
			targets = (
				786593061D2D086C000770DA /* TokenPoint */,
			);
		};
/* End PBXProject section */

/* Begin PBXResourcesBuildPhase section */
		786593051D2D086C000770DA /* Resources */ = {
			isa = PBXResourcesBuildPhase;
			buildActionMask = 2147483647;
			files = (
			);
			runOnlyForDeploymentPostprocessing = 0;
		};
/* End PBXResourcesBuildPhase section */

/* Begin PBXSourcesBuildPhase section */
		786593021D2D086C000770DA /* Sources */ = {
			isa = PBXSourcesBuildPhase;
			buildActionMask = 2147483647;
			files = (
				7865934A1D2E5F55000770DA /* TokenPoint.m in Sources */,
				786593151D2D091A000770DA /* TokenPointImpl.m in Sources */,
			);
			runOnlyForDeploymentPostprocessing = 0;
		};
/* End PBXSourcesBuildPhase section */

/* Begin XCBuildConfiguration section */
		7865930D1D2D086C000770DA /* Debug */ = {
			isa = XCBuildConfiguration;
			buildSettings = {
				ALWAYS_SEARCH_USER_PATHS = NO;
				CLANG_ANALYZER_NONNULL = YES;
				CLANG_CXX_LANGUAGE_STANDARD = "gnu++0x";
				CLANG_CXX_LIBRARY = "libc++";
				CLANG_ENABLE_MODULES = YES;
				CLANG_ENABLE_OBJC_ARC = YES;
				CLANG_WARN_BOOL_CONVERSION = YES;
				CLANG_WARN_CONSTANT_CONVERSION = YES;
				CLANG_WARN_DIRECT_OBJC_ISA_USAGE = YES_ERROR;
				CLANG_WARN_EMPTY_BODY = YES;
				CLANG_WARN_ENUM_CONVERSION = YES;
				CLANG_WARN_INT_CONVERSION = YES;
				CLANG_WARN_OBJC_ROOT_CLASS = YES_ERROR;
				CLANG_WARN_UNREACHABLE_CODE = YES;
				CLANG_WARN__DUPLICATE_METHOD_MATCH = YES;
				"CODE_SIGN_IDENTITY[sdk=iphoneos*]" = "iPhone Developer";
				COPY_PHASE_STRIP = NO;
				CURRENT_PROJECT_VERSION = 1;
				DEBUG_INFORMATION_FORMAT = dwarf;
				ENABLE_STRICT_OBJC_MSGSEND = YES;
				ENABLE_TESTABILITY = YES;
				GCC_C_LANGUAGE_STANDARD = gnu99;
				GCC_DYNAMIC_NO_PIC = NO;
				GCC_NO_COMMON_BLOCKS = YES;
				GCC_OPTIMIZATION_LEVEL = 0;
				GCC_PREPROCESSOR_DEFINITIONS = (
					"DEBUG=1",
					"$(inherited)",
				);
				GCC_WARN_64_TO_32_BIT_CONVERSION = YES;
				GCC_WARN_ABOUT_RETURN_TYPE = YES_ERROR;
				GCC_WARN_UNDECLARED_SELECTOR = YES;
				GCC_WARN_UNINITIALIZED_AUTOS = YES_AGGRESSIVE;
				GCC_WARN_UNUSED_FUNCTION = YES;
				GCC_WARN_UNUSED_VARIABLE = YES;
				IPHONEOS_DEPLOYMENT_TARGET = 9.3;
				MTL_ENABLE_DEBUG_INFO = YES;
				ONLY_ACTIVE_ARCH = YES;
				SDKROOT = iphoneos;
				TARGETED_DEVICE_FAMILY = "1,2";
				VERSIONING_SYSTEM = "apple-generic";
				VERSION_INFO_PREFIX = "";
			};
			name = Debug;
		};
		7865930E1D2D086C000770DA /* Release */ = {
			isa = XCBuildConfiguration;
			buildSettings = {
				ALWAYS_SEARCH_USER_PATHS = NO;
				CLANG_ANALYZER_NONNULL = YES;
				CLANG_CXX_LANGUAGE_STANDARD = "gnu++0x";
				CLANG_CXX_LIBRARY = "libc++";
				CLANG_ENABLE_MODULES = YES;
				CLANG_ENABLE_OBJC_ARC = YES;
				CLANG_WARN_BOOL_CONVERSION = YES;
				CLANG_WARN_CONSTANT_CONVERSION = YES;
				CLANG_WARN_DIRECT_OBJC_ISA_USAGE = YES_ERROR;
				CLANG_WARN_EMPTY_BODY = YES;
				CLANG_WARN_ENUM_CONVERSION = YES;
				CLANG_WARN_INT_CONVERSION = YES;
				CLANG_WARN_OBJC_ROOT_CLASS = YES_ERROR;
				CLANG_WARN_UNREACHABLE_CODE = YES;
				CLANG_WARN__DUPLICATE_METHOD_MATCH = YES;
				"CODE_SIGN_IDENTITY[sdk=iphoneos*]" = "iPhone Developer";
				COPY_PHASE_STRIP = NO;
				CURRENT_PROJECT_VERSION = 1;
				DEBUG_INFORMATION_FORMAT = "dwarf-with-dsym";
				ENABLE_NS_ASSERTIONS = NO;
				ENABLE_STRICT_OBJC_MSGSEND = YES;
				GCC_C_LANGUAGE_STANDARD = gnu99;
				GCC_NO_COMMON_BLOCKS = YES;
				GCC_WARN_64_TO_32_BIT_CONVERSION = YES;
				GCC_WARN_ABOUT_RETURN_TYPE = YES_ERROR;
				GCC_WARN_UNDECLARED_SELECTOR = YES;
				GCC_WARN_UNINITIALIZED_AUTOS = YES_AGGRESSIVE;
				GCC_WARN_UNUSED_FUNCTION = YES;
				GCC_WARN_UNUSED_VARIABLE = YES;
				IPHONEOS_DEPLOYMENT_TARGET = 9.3;
				MTL_ENABLE_DEBUG_INFO = NO;
				SDKROOT = iphoneos;
				TARGETED_DEVICE_FAMILY = "1,2";
				VALIDATE_PRODUCT = YES;
				VERSIONING_SYSTEM = "apple-generic";
				VERSION_INFO_PREFIX = "";
			};
			name = Release;
		};
		786593101D2D086C000770DA /* Debug */ = {
			isa = XCBuildConfiguration;
			buildSettings = {
				CODE_SIGN_IDENTITY = "iPhone Developer";
				DEFINES_MODULE = YES;
				DYLIB_COMPATIBILITY_VERSION = 1;
				DYLIB_CURRENT_VERSION = 1;
				DYLIB_INSTALL_NAME_BASE = "@rpath";
				FRAMEWORK_SEARCH_PATHS = /Users/zl3d/Documents/TokenPoint/AFNetWorking;
				INFOPLIST_FILE = TokenPoint/Info.plist;
				INSTALL_PATH = "$(LOCAL_LIBRARY_DIR)/Frameworks";
				IPHONEOS_DEPLOYMENT_TARGET = 7.0;
				LD_RUNPATH_SEARCH_PATHS = "$(inherited) @executable_path/Frameworks @loader_path/Frameworks";
				MACH_O_TYPE = staticlib;
				PRODUCT_BUNDLE_IDENTIFIER = zulong.com.TokenPoint;
				PRODUCT_NAME = "$(TARGET_NAME)";
				SKIP_INSTALL = YES;
			};
			name = Debug;
		};
		786593111D2D086C000770DA /* Release */ = {
			isa = XCBuildConfiguration;
			buildSettings = {
				CODE_SIGN_IDENTITY = "iPhone Developer";
				DEFINES_MODULE = YES;
				DYLIB_COMPATIBILITY_VERSION = 1;
				DYLIB_CURRENT_VERSION = 1;
				DYLIB_INSTALL_NAME_BASE = "@rpath";
				FRAMEWORK_SEARCH_PATHS = /Users/zl3d/Documents/TokenPoint/AFNetWorking;
				INFOPLIST_FILE = TokenPoint/Info.plist;
				INSTALL_PATH = "$(LOCAL_LIBRARY_DIR)/Frameworks";
				IPHONEOS_DEPLOYMENT_TARGET = 7.0;
				LD_RUNPATH_SEARCH_PATHS = "$(inherited) @executable_path/Frameworks @loader_path/Frameworks";
				MACH_O_TYPE = staticlib;
				PRODUCT_BUNDLE_IDENTIFIER = zulong.com.TokenPoint;
				PRODUCT_NAME = "$(TARGET_NAME)";
				SKIP_INSTALL = YES;
			};
			name = Release;
		};
/* End XCBuildConfiguration section */

/* Begin XCConfigurationList section */
		786593011D2D086C000770DA /* Build configuration list for PBXProject "TokenPoint" */ = {
			isa = XCConfigurationList;
			buildConfigurations = (
				7865930D1D2D086C000770DA /* Debug */,
				7865930E1D2D086C000770DA /* Release */,
			);
			defaultConfigurationIsVisible = 0;
			defaultConfigurationName = Release;
		};
		7865930F1D2D086C000770DA /* Build configuration list for PBXNativeTarget "TokenPoint" */ = {
			isa = XCConfigurationList;
			buildConfigurations = (
				786593101D2D086C000770DA /* Debug */,
				786593111D2D086C000770DA /* Release */,
			);
			defaultConfigurationIsVisible = 0;
			defaultConfigurationName = Release;
		};
/* End XCConfigurationList section */
	};
	rootObject = 786592FE1D2D086C000770DA /* Project object */;
}
